{
  "name": "xeize-sca-reachability-demo",
  "version": "1.0.0",
  "lockfileVersion": 3,
  "requires": true,
  "packages": {
    "": {
      "name": "xeize-sca-reachability-demo",
      "version": "1.0.0",
      "dependencies": {
        "js-yaml": "3.13.0",
        "lodash": "4.17.18",
        "node-serialize": "0.0.4",
        "object-path": "0.11.4",
        "qs": "6.9.6",
        "set-value": "2.0.0",
        "yaml": "2.2.1"
      }
    },
    "node_modules/argparse": {
      "version": "1.0.10",
      "resolved": "https://registry.npmjs.org/argparse/-/argparse-1.0.10.tgz",
      "integrity": "sha512-o5Roy6tNG4SL/FOkCAN6RzjiakZS25RLYFrcMttJqbdd8BWrnA+fGz57iN5Pb06pvBGvl5gQ0B48dJlslXvoTg==",
      "license": "MIT",
      "dependencies": {
        "sprintf-js": "~1.0.2"
      }
    },
    "node_modules/assign-symbols": {
      "version": "1.0.0",
      "resolved": "https://registry.npmjs.org/assign-symbols/-/assign-symbols-1.0.0.tgz",
      "integrity": "sha512-Q+JC7Whu8HhmTdBph/Tq59IoRtoy6KAm5zzPv00WdujX82lbAL8K7WVjne7vdCsAmbF4AYaDOPyO3k0kl8qIrw==",
      "license": "MIT",
      "engines": {
        "node": ">=0.10.0"
      }
    },
    "node_modules/esprima": {
      "version": "4.0.1",
      "resolved": "https://registry.npmjs.org/esprima/-/esprima-4.0.1.tgz",
      "integrity": "sha512-eGuFFw7Upda+g4p+QHvnW0RyTX/SVeJBDM/gCtMARO0cLuT2HcEKnTPvhjV6aGeqrCB/sbNop0Kszm0jsaWU4A==",
      "license": "BSD-2-Clause",
      "bin": {
        "esparse": "bin/esparse.js",
        "esvalidate": "bin/esvalidate.js"
      },
      "engines": {
        "node": ">=4"
      }
    },
    "node_modules/extend-shallow": {
      "version": "2.0.1",
      "resolved": "https://registry.npmjs.org/extend-shallow/-/extend-shallow-2.0.1.tgz",
      "integrity": "sha512-zCnTtlxNoAiDc3gqY2aYAWFx7XWWiasuF2K8Me5WbN8otHKTUKBwjPtNpRs/rbUZm7KxWAaNj7P1a/p52GbVug==",
      "license": "MIT",
      "dependencies": {
        "is-extendable": "^0.1.0"
      },
      "engines": {
        "node": ">=0.10.0"
      }
    },
    "node_modules/is-extendable": {
      "version": "0.1.1",
      "resolved": "https://registry.npmjs.org/is-extendable/-/is-extendable-0.1.1.tgz",
      "integrity": "sha512-5BMULNob1vgFX6EjQw5izWDxrecWK9AM72rugNr0TFldMOi0fj6Jk+zeKIt0xGj4cEfQIJth4w3OKWOJ4f+AFw==",
      "license": "MIT",
      "engines": {
        "node": ">=0.10.0"
      }
    },
    "node_modules/is-plain-object": {
      "version": "2.0.4",
      "resolved": "https://registry.npmjs.org/is-plain-object/-/is-plain-object-2.0.4.tgz",
      "integrity": "sha512-h5PpgXkWitc38BBMYawTYMWJHFZJVnBquFE57xFpjB8pJFiF6gZ+bU+WyI/yqXiFR5mdLsgYNaPe8uao6Uv9Og==",
      "license": "MIT",
      "dependencies": {
        "isobject": "^3.0.1"
      },
      "engines": {
        "node": ">=0.10.0"
      }
    },
    "node_modules/isobject": {
      "version": "3.0.1",
      "resolved": "https://registry.npmjs.org/isobject/-/isobject-3.0.1.tgz",
      "integrity": "sha512-WhB9zCku7EGTj/HQQRz5aUQEUeoQZH2bWcltRErOpymJ4boYE6wL9Tbr23krRPSZ+C5zqNSrSw+Cc7sZZ4b7vg==",
      "license": "MIT",
      "engines": {
        "node": ">=0.10.0"
      }
    },
    "node_modules/js-yaml": {
      "version": "3.13.0",
      "resolved": "https://registry.npmjs.org/js-yaml/-/js-yaml-3.13.0.tgz",
      "integrity": "sha512-pZZoSxcCYco+DIKBTimr67J6Hy+EYGZDY/HCWC+iAEA9h1ByhMXAIVUXMcMFpOCxQ/xjXmPI2MkDL5HRm5eFrQ==",
      "license": "MIT",
      "dependencies": {
        "argparse": "^1.0.7",
        "esprima": "^4.0.0"
      },
      "bin": {
        "js-yaml": "bin/js-yaml.js"
      }
    },
    "node_modules/lodash": {
      "version": "4.17.18",
      "resolved": "https://registry.npmjs.org/lodash/-/lodash-4.17.18.tgz",
      "integrity": "sha512-au4L1q0HKcaaa37qOdpWWhwzDnB/taYJfRiKULnaT+Ml9UaBIjJ2SOJMeLtSeeLT+zUdyFMm0+ts+j4eeuUpIA==",
      "license": "MIT"
    },
    "node_modules/node-serialize": {
      "version": "0.0.4",
      "resolved": "https://registry.npmjs.org/node-serialize/-/node-serialize-0.0.4.tgz",
      "integrity": "sha512-Q7krX4keanOtqYrNWGlTWk0jSYPewtMpzs5AoV0NieqTtQkLRGq5e0R+iuTA3npbpk7B1zJy6dZ7o9wmmuEYmA==",
      "engines": [
        "node >=0.6.0"
      ]
    },
    "node_modules/object-path": {
      "version": "0.11.4",
      "resolved": "https://registry.npmjs.org/object-path/-/object-path-0.11.4.tgz",
      "integrity": "sha512-ICbQN+aw/eAASDtaC7+SJXSAruz7fvvNjxMFfS3mTdvZaaiuuw81XXYu+9CSJeUVrS3YpRhTr862YGywMQUOWg==",
      "license": "MIT",
      "engines": {
        "node": ">=0.10.0"
      }
    },
    "node_modules/qs": {
      "version": "6.9.6",
      "resolved": "https://registry.npmjs.org/qs/-/qs-6.9.6.tgz",
      "integrity": "sha512-TIRk4aqYLNoJUbd+g2lEdz5kLWIuTMRagAXxl78Q0RiVjAOugHmeKNGdd3cwo/ktpf9aL9epCfFqWDEKysUlLQ==",
      "license": "BSD-3-Clause",
      "engines": {
        "node": ">=0.6"
      },
      "funding": {
        "url": "https://github.com/sponsors/ljharb"
      }
    },
    "node_modules/set-value": {
      "version": "2.0.0",
      "resolved": "https://registry.npmjs.org/set-value/-/set-value-2.0.0.tgz",
      "integrity": "sha512-hw0yxk9GT/Hr5yJEYnHNKYXkIA8mVJgd9ditYZCe16ZczcaELYYcfvaXesNACk2O8O0nTiPQcQhGUQj8JLzeeg==",
      "deprecated": "Critical bug fixed in v3.0.1, please upgrade to the latest version.",
      "license": "MIT",
      "dependencies": {
        "extend-shallow": "^2.0.1",
        "is-extendable": "^0.1.1",
        "is-plain-object": "^2.0.3",
        "split-string": "^3.0.1"
      },
      "engines": {
        "node": ">=0.10.0"
      }
    },
    "node_modules/split-string": {
      "version": "3.1.0",
      "resolved": "https://registry.npmjs.org/split-string/-/split-string-3.1.0.tgz",
      "integrity": "sha512-NzNVhJDYpwceVVii8/Hu6DKfD2G+NrQHlS/V/qgv763EYudVwEcMQNxd2lh+0VrUByXN/oJkl5grOhYWvQUYiw==",
      "license": "MIT",
      "dependencies": {
        "extend-shallow": "^3.0.0"
      },
      "engines": {
        "node": ">=0.10.0"
      }
    },
    "node_modules/split-string/node_modules/extend-shallow": {
      "version": "3.0.2",
      "resolved": "https://registry.npmjs.org/extend-shallow/-/extend-shallow-3.0.2.tgz",
      "integrity": "sha512-BwY5b5Ql4+qZoefgMj2NUmx+tehVTH/Kf4k1ZEtOHNFcm2wSxMRo992l6X3TIgni2eZVTZ85xMOjF31fwZAj6Q==",
      "license": "MIT",
      "dependencies": {
        "assign-symbols": "^1.0.0",
        "is-extendable": "^1.0.1"
      },
      "engines": {
        "node": ">=0.10.0"
      }
    },
    "node_modules/split-string/node_modules/is-extendable": {
      "version": "1.0.1",
      "resolved": "https://registry.npmjs.org/is-extendable/-/is-extendable-1.0.1.tgz",
      "integrity": "sha512-arnXMxT1hhoKo9k1LZdmlNyJdDDfy2v0fXjFlmok4+i8ul/6WlbVge9bhM74OpNPQPMGUToDtz+KXa1PneJxOA==",
      "license": "MIT",
      "dependencies": {
        "is-plain-object": "^2.0.4"
      },
      "engines": {
        "node": ">=0.10.0"
      }
    },
    "node_modules/sprintf-js": {
      "version": "1.0.3",
      "resolved": "https://registry.npmjs.org/sprintf-js/-/sprintf-js-1.0.3.tgz",
      "integrity": "sha512-D9cPgkvLlV3t3IzL0D0YLvGA9Ahk4PcvVwUbN0dSGr1aP0Nrt4AEnTUbuGvquEC0mA64Gqt1fzirlRs5ibXx8g==",
      "license": "BSD-3-Clause"
    },
    "node_modules/yaml": {
      "version": "2.2.1",
      "resolved": "https://registry.npmjs.org/yaml/-/yaml-2.2.1.tgz",
      "integrity": "sha512-e0WHiYql7+9wr4cWMx3TVQrNwejKaEe7/rHNmQmqRjazfOP5W8PB6Jpebb5o6fIapbz9o9+2ipcaTM2ZwDI6lw==",
      "license": "ISC",
      "engines": {
        "node": ">= 14"
      }
    }
  }
}
